
Microsoft Visual Studio Solution File, Format Version 12.00
# Visual Studio Version 17
VisualStudioVersion = 17.0.31903.59
MinimumVisualStudioVersion = 10.0.40219.1
Project("{FAE04EC0-301F-11D3-BF4B-00C04F79EFBC}") = "Core", "Core\Core.csproj", "{9C4D1D2E-4E64-4DDA-AF05-37EEDE2CE4E5}"
EndProject
Project("{FAE04EC0-301F-11D3-BF4B-00C04F79EFBC}") = "Core.Client", "Core.Client\Core.Client.csproj", "{7A9464BE-2807-463E-8E5B-051D9A08F482}"
EndProject
Project("{FAE04EC0-301F-11D3-BF4B-00C04F79EFBC}") = "Services.Domain", "Services.Domain\Services.Domain.csproj", "{0280CD4F-55AB-4A3D-8DF3-A5EA132DAB0E}"
EndProject
Global
	GlobalSection(SolutionConfigurationPlatforms) = preSolution
		Debug|Any CPU = Debug|Any CPU
		Release|Any CPU = Release|Any CPU
	EndGlobalSection
	GlobalSection(ProjectConfigurationPlatforms) = postSolution
		{9C4D1D2E-4E64-4DDA-AF05-37EEDE2CE4E5}.Debug|Any CPU.ActiveCfg = Debug|Any CPU
		{9C4D1D2E-4E64-4DDA-AF05-37EEDE2CE4E5}.Debug|Any CPU.Build.0 = Debug|Any CPU
		{9C4D1D2E-4E64-4DDA-AF05-37EEDE2CE4E5}.Release|Any CPU.ActiveCfg = Release|Any CPU
		{9C4D1D2E-4E64-4DDA-AF05-37EEDE2CE4E5}.Release|Any CPU.Build.0 = Release|Any CPU
		{7A9464BE-2807-463E-8E5B-051D9A08F482}.Debug|Any CPU.ActiveCfg = Debug|Any CPU
		{7A9464BE-2807-463E-8E5B-051D9A08F482}.Debug|Any CPU.Build.0 = Debug|Any CPU
		{7A9464BE-2807-463E-8E5B-051D9A08F482}.Release|Any CPU.ActiveCfg = Release|Any CPU
		{7A9464BE-2807-463E-8E5B-051D9A08F482}.Release|Any CPU.Build.0 = Release|Any CPU
		{0280CD4F-55AB-4A3D-8DF3-A5EA132DAB0E}.Debug|Any CPU.ActiveCfg = Debug|Any CPU
		{0280CD4F-55AB-4A3D-8DF3-A5EA132DAB0E}.Debug|Any CPU.Build.0 = Debug|Any CPU
		{0280CD4F-55AB-4A3D-8DF3-A5EA132DAB0E}.Release|Any CPU.ActiveCfg = Release|Any CPU
		{0280CD4F-55AB-4A3D-8DF3-A5EA132DAB0E}.Release|Any CPU.Build.0 = Release|Any CPU
	EndGlobalSection
	GlobalSection(SolutionProperties) = preSolution
		HideSolutionNode = FALSE
	EndGlobalSection
EndGlobal
